{
  "version": 4,
  "terraform_version": "1.5.7",
  "serial": 11,
  "lineage": "ddd347cf-4992-cfe5-5924-2aa507d7f6dd",
  "outputs": {
    "backend_ports": {
      "value": [
        32770,
        32769,
        32768
      ],
      "type": [
        "tuple",
        [
          "number",
          "number",
          "number"
        ]
      ]
    }
  },
  "resources": [
    {
      "mode": "data",
      "type": "digitalocean_ssh_key",
      "name": "www-1",
      "provider": "provider[\"registry.terraform.io/digitalocean/digitalocean\"]",
      "instances": [
        {
          "schema_version": 0,
          "attributes": {
            "fingerprint": "3e:ea:b9:9e:e7:9b:9c:7c:6b:0b:a6:69:c7:b8:9b:eb",
            "id": 39400968,
            "name": "www-1",
            "public_key": "ssh-rsa AAAAB3NzaC1yc2EAAAADAQABAAABgQDZxSrUoy4bcQIMBgmjnm2JAyrv/xv1rsHAsqOWSmCDaGvUdruxsMRPjhw9waf9qGwlhH41Vqhw1PqpEkXqPfD3mPsTuisEUuqQ5r5iTuT/7UjLKtk4IuVSRRUiD4VseVOD3HDxg/ExT1gxRqpvnSNT+qs+o3eSyt20wZ62aatDG5gb4YBbeqKUR1q/RNhK6GPT6xjvEw4P34flfwoxOKjINvyAy2fBMud6kgZNKJmrrokP6X1qTRCWqrCNiS1I9UXfP+a071Sb2zZN4FKvtSpFdGgThG25htTVvOm5YpVfkPRCYsgVOq7YA+/XZ2+Q5UfL9v0gocv3KlfgQmbNxi2Xexc2dBoCl4vwKYeCshjIG5ZGsncFPUQTRtwAcR1vorRQRg0voycrH9GeaOYFZpjL8oMQQ47G/OQbdRfIjALG5m+Yvx6NEtSV7dob/Wxi9powaFeZpxR0Di4fkz75ItYtk/doF+8UZBgeL2dsy/etMgoVnuniwR5VrdFltxJWc6c= root@ubuntu-s-1vcpu-1gb-sgp1-01"
          },
          "sensitive_attributes": []
        }
      ]
    },
    {
      "mode": "managed",
      "type": "digitalocean_droplet",
      "name": "nginx",
      "provider": "provider[\"registry.terraform.io/digitalocean/digitalocean\"]",
      "instances": [
        {
          "status": "tainted",
          "schema_version": 1,
          "attributes": {
            "backups": false,
            "created_at": "2023-09-14T13:59:59Z",
            "disk": 10,
            "droplet_agent": null,
            "graceful_shutdown": false,
            "id": "374716335",
            "image": "ubuntu-20-04-x64",
            "ipv4_address": "159.223.81.187",
            "ipv4_address_private": "10.104.0.4",
            "ipv6": false,
            "ipv6_address": "",
            "locked": false,
            "memory": 512,
            "monitoring": false,
            "name": "nginx",
            "price_hourly": 0.00595,
            "price_monthly": 4,
            "private_networking": true,
            "region": "sgp1",
            "resize_disk": true,
            "size": "s-1vcpu-512mb-10gb",
            "ssh_keys": [
              "39400968"
            ],
            "status": "active",
            "tags": null,
            "timeouts": null,
            "urn": "do:droplet:374716335",
            "user_data": null,
            "vcpus": 1,
            "volume_ids": [],
            "vpc_uuid": "97a22db6-ae5e-4fc9-91c7-b3e72d567904"
          },
          "sensitive_attributes": [],
          "private": "eyJlMmJmYjczMC1lY2FhLTExZTYtOGY4OC0zNDM2M2JjN2M0YzAiOnsiY3JlYXRlIjozNjAwMDAwMDAwMDAwLCJkZWxldGUiOjYwMDAwMDAwMDAwLCJ1cGRhdGUiOjM2MDAwMDAwMDAwMDB9LCJzY2hlbWFfdmVyc2lvbiI6IjEifQ==",
          "dependencies": [
            "data.digitalocean_ssh_key.www-1",
            "docker_container.bgg-backend",
            "docker_container.bgg-database",
            "docker_image.bgg-backend",
            "docker_image.bgg-database",
            "docker_network.bgg-net",
            "docker_volume.data-vol",
            "local_file.nginx-conf"
          ]
        }
      ]
    },
    {
      "mode": "managed",
      "type": "docker_container",
      "name": "bgg-backend",
      "provider": "provider[\"registry.terraform.io/kreuzwerker/docker\"]",
      "instances": [
        {
          "index_key": 0,
          "schema_version": 2,
          "attributes": {
            "attach": false,
            "bridge": "",
            "capabilities": [],
            "cgroupns_mode": null,
            "command": [],
            "container_logs": null,
            "container_read_refresh_timeout_milliseconds": 15000,
            "cpu_set": "",
            "cpu_shares": 0,
            "destroy_grace_seconds": null,
            "devices": [],
            "dns": null,
            "dns_opts": null,
            "dns_search": null,
            "domainname": "",
            "entrypoint": [
              "node",
              "dist/backend/src/main"
            ],
            "env": [
              "BGG_DB_HOST=my-bgg-database",
              "BGG_DB_PASSWORD=changeit",
              "BGG_DB_USER=root"
            ],
            "exit_code": null,
            "gpus": null,
            "group_add": null,
            "healthcheck": [
              {
                "interval": "1m0s",
                "retries": 3,
                "start_period": "5s",
                "test": [
                  "CMD-SHELL",
                  "curl -f localhost:$PORT/healthz || exit 1"
                ],
                "timeout": "3s"
              }
            ],
            "host": [],
            "hostname": "86ca46edf87e",
            "id": "86ca46edf87ef7f77d6219ad08d7cd452df2a27ad71cf1bf1e4aac255b591ff2",
            "image": "sha256:1dc75c72b413dadfaef29157330642b3ac00daafd83b51e2f2e6a8a202e13183",
            "init": false,
            "ipc_mode": "private",
            "labels": [],
            "log_driver": "json-file",
            "log_opts": null,
            "logs": false,
            "max_retry_count": 0,
            "memory": 0,
            "memory_swap": 0,
            "mounts": [],
            "must_run": true,
            "name": "my-bgg-backend-0",
            "network_data": [
              {
                "gateway": "172.18.0.1",
                "global_ipv6_address": "",
                "global_ipv6_prefix_length": 0,
                "ip_address": "172.18.0.5",
                "ip_prefix_length": 16,
                "ipv6_gateway": "",
                "mac_address": "02:42:ac:12:00:05",
                "network_name": "my-bgg-net"
              }
            ],
            "network_mode": "default",
            "networks_advanced": [
              {
                "aliases": [],
                "ipv4_address": "",
                "ipv6_address": "",
                "name": "fe43ee408c6428e75eaf6644be106d55ba1f683db5c75d6987f2f50cfac158bd"
              }
            ],
            "pid_mode": "",
            "ports": [
              {
                "external": 32770,
                "internal": 3000,
                "ip": "0.0.0.0",
                "protocol": "tcp"
              }
            ],
            "privileged": false,
            "publish_all_ports": false,
            "read_only": false,
            "remove_volumes": true,
            "restart": "no",
            "rm": false,
            "runtime": "runc",
            "security_opts": [],
            "shm_size": 64,
            "start": true,
            "stdin_open": false,
            "stop_signal": "",
            "stop_timeout": 0,
            "storage_opts": null,
            "sysctls": null,
            "tmpfs": null,
            "tty": false,
            "ulimit": [],
            "upload": [],
            "user": "",
            "userns_mode": "",
            "volumes": [],
            "wait": false,
            "wait_timeout": 60,
            "working_dir": "/app"
          },
          "sensitive_attributes": [],
          "private": "eyJzY2hlbWFfdmVyc2lvbiI6IjIifQ==",
          "dependencies": [
            "docker_container.bgg-database",
            "docker_image.bgg-backend",
            "docker_image.bgg-database",
            "docker_network.bgg-net",
            "docker_volume.data-vol"
          ]
        },
        {
          "index_key": 1,
          "schema_version": 2,
          "attributes": {
            "attach": false,
            "bridge": "",
            "capabilities": [],
            "cgroupns_mode": null,
            "command": [],
            "container_logs": null,
            "container_read_refresh_timeout_milliseconds": 15000,
            "cpu_set": "",
            "cpu_shares": 0,
            "destroy_grace_seconds": null,
            "devices": [],
            "dns": null,
            "dns_opts": null,
            "dns_search": null,
            "domainname": "",
            "entrypoint": [
              "node",
              "dist/backend/src/main"
            ],
            "env": [
              "BGG_DB_HOST=my-bgg-database",
              "BGG_DB_PASSWORD=changeit",
              "BGG_DB_USER=root"
            ],
            "exit_code": null,
            "gpus": null,
            "group_add": null,
            "healthcheck": [
              {
                "interval": "1m0s",
                "retries": 3,
                "start_period": "5s",
                "test": [
                  "CMD-SHELL",
                  "curl -f localhost:$PORT/healthz || exit 1"
                ],
                "timeout": "3s"
              }
            ],
            "host": [],
            "hostname": "24b70bcabf96",
            "id": "24b70bcabf969ed8157a5017f68432cef86b40304e7bee1fed5e2c99bd0c5833",
            "image": "sha256:1dc75c72b413dadfaef29157330642b3ac00daafd83b51e2f2e6a8a202e13183",
            "init": false,
            "ipc_mode": "private",
            "labels": [],
            "log_driver": "json-file",
            "log_opts": null,
            "logs": false,
            "max_retry_count": 0,
            "memory": 0,
            "memory_swap": 0,
            "mounts": [],
            "must_run": true,
            "name": "my-bgg-backend-1",
            "network_data": [
              {
                "gateway": "172.18.0.1",
                "global_ipv6_address": "",
                "global_ipv6_prefix_length": 0,
                "ip_address": "172.18.0.4",
                "ip_prefix_length": 16,
                "ipv6_gateway": "",
                "mac_address": "02:42:ac:12:00:04",
                "network_name": "my-bgg-net"
              }
            ],
            "network_mode": "default",
            "networks_advanced": [
              {
                "aliases": [],
                "ipv4_address": "",
                "ipv6_address": "",
                "name": "fe43ee408c6428e75eaf6644be106d55ba1f683db5c75d6987f2f50cfac158bd"
              }
            ],
            "pid_mode": "",
            "ports": [
              {
                "external": 32769,
                "internal": 3000,
                "ip": "0.0.0.0",
                "protocol": "tcp"
              }
            ],
            "privileged": false,
            "publish_all_ports": false,
            "read_only": false,
            "remove_volumes": true,
            "restart": "no",
            "rm": false,
            "runtime": "runc",
            "security_opts": [],
            "shm_size": 64,
            "start": true,
            "stdin_open": false,
            "stop_signal": "",
            "stop_timeout": 0,
            "storage_opts": null,
            "sysctls": null,
            "tmpfs": null,
            "tty": false,
            "ulimit": [],
            "upload": [],
            "user": "",
            "userns_mode": "",
            "volumes": [],
            "wait": false,
            "wait_timeout": 60,
            "working_dir": "/app"
          },
          "sensitive_attributes": [],
          "private": "eyJzY2hlbWFfdmVyc2lvbiI6IjIifQ==",
          "dependencies": [
            "docker_container.bgg-database",
            "docker_image.bgg-backend",
            "docker_image.bgg-database",
            "docker_network.bgg-net",
            "docker_volume.data-vol"
          ]
        },
        {
          "index_key": 2,
          "schema_version": 2,
          "attributes": {
            "attach": false,
            "bridge": "",
            "capabilities": [],
            "cgroupns_mode": null,
            "command": [],
            "container_logs": null,
            "container_read_refresh_timeout_milliseconds": 15000,
            "cpu_set": "",
            "cpu_shares": 0,
            "destroy_grace_seconds": null,
            "devices": [],
            "dns": null,
            "dns_opts": null,
            "dns_search": null,
            "domainname": "",
            "entrypoint": [
              "node",
              "dist/backend/src/main"
            ],
            "env": [
              "BGG_DB_HOST=my-bgg-database",
              "BGG_DB_PASSWORD=changeit",
              "BGG_DB_USER=root"
            ],
            "exit_code": null,
            "gpus": null,
            "group_add": null,
            "healthcheck": [
              {
                "interval": "1m0s",
                "retries": 3,
                "start_period": "5s",
                "test": [
                  "CMD-SHELL",
                  "curl -f localhost:$PORT/healthz || exit 1"
                ],
                "timeout": "3s"
              }
            ],
            "host": [],
            "hostname": "5f2ff366c734",
            "id": "5f2ff366c734d908b8e08fcd5f164dd65b8fbe2cf690a5588b16ee23bb6bcec8",
            "image": "sha256:1dc75c72b413dadfaef29157330642b3ac00daafd83b51e2f2e6a8a202e13183",
            "init": false,
            "ipc_mode": "private",
            "labels": [],
            "log_driver": "json-file",
            "log_opts": null,
            "logs": false,
            "max_retry_count": 0,
            "memory": 0,
            "memory_swap": 0,
            "mounts": [],
            "must_run": true,
            "name": "my-bgg-backend-2",
            "network_data": [
              {
                "gateway": "172.18.0.1",
                "global_ipv6_address": "",
                "global_ipv6_prefix_length": 0,
                "ip_address": "172.18.0.3",
                "ip_prefix_length": 16,
                "ipv6_gateway": "",
                "mac_address": "02:42:ac:12:00:03",
                "network_name": "my-bgg-net"
              }
            ],
            "network_mode": "default",
            "networks_advanced": [
              {
                "aliases": [],
                "ipv4_address": "",
                "ipv6_address": "",
                "name": "fe43ee408c6428e75eaf6644be106d55ba1f683db5c75d6987f2f50cfac158bd"
              }
            ],
            "pid_mode": "",
            "ports": [
              {
                "external": 32768,
                "internal": 3000,
                "ip": "0.0.0.0",
                "protocol": "tcp"
              }
            ],
            "privileged": false,
            "publish_all_ports": false,
            "read_only": false,
            "remove_volumes": true,
            "restart": "no",
            "rm": false,
            "runtime": "runc",
            "security_opts": [],
            "shm_size": 64,
            "start": true,
            "stdin_open": false,
            "stop_signal": "",
            "stop_timeout": 0,
            "storage_opts": null,
            "sysctls": null,
            "tmpfs": null,
            "tty": false,
            "ulimit": [],
            "upload": [],
            "user": "",
            "userns_mode": "",
            "volumes": [],
            "wait": false,
            "wait_timeout": 60,
            "working_dir": "/app"
          },
          "sensitive_attributes": [],
          "private": "eyJzY2hlbWFfdmVyc2lvbiI6IjIifQ==",
          "dependencies": [
            "docker_container.bgg-database",
            "docker_image.bgg-backend",
            "docker_image.bgg-database",
            "docker_network.bgg-net",
            "docker_volume.data-vol"
          ]
        }
      ]
    },
    {
      "mode": "managed",
      "type": "docker_container",
      "name": "bgg-database",
      "provider": "provider[\"registry.terraform.io/kreuzwerker/docker\"]",
      "instances": [
        {
          "schema_version": 2,
          "attributes": {
            "attach": false,
            "bridge": "",
            "capabilities": [],
            "cgroupns_mode": null,
            "command": [
              "mysqld"
            ],
            "container_logs": null,
            "container_read_refresh_timeout_milliseconds": 15000,
            "cpu_set": "",
            "cpu_shares": 0,
            "destroy_grace_seconds": null,
            "devices": [],
            "dns": null,
            "dns_opts": null,
            "dns_search": null,
            "domainname": "",
            "entrypoint": [
              "docker-entrypoint.sh"
            ],
            "env": [],
            "exit_code": null,
            "gpus": null,
            "group_add": null,
            "healthcheck": [
              {
                "interval": "1m0s",
                "retries": 3,
                "start_period": "5s",
                "test": [
                  "CMD-SHELL",
                  "mysqladmin ping -uroot -p${MYSQL_ROOT_PASSWORD} || exit 1"
                ],
                "timeout": "3s"
              }
            ],
            "host": [],
            "hostname": "bec7dc7cb8fb",
            "id": "bec7dc7cb8fbb6f7b4d512627d7d3111a49f0e08d631cac5d25730810562fae1",
            "image": "sha256:2dc18f22acfcf47b190382cd04038628fd5da2ca086ade3721b50d2b88d6796a",
            "init": false,
            "ipc_mode": "private",
            "labels": [],
            "log_driver": "json-file",
            "log_opts": null,
            "logs": false,
            "max_retry_count": 0,
            "memory": 0,
            "memory_swap": 0,
            "mounts": [],
            "must_run": true,
            "name": "my-bgg-database",
            "network_data": [
              {
                "gateway": "172.18.0.1",
                "global_ipv6_address": "",
                "global_ipv6_prefix_length": 0,
                "ip_address": "172.18.0.2",
                "ip_prefix_length": 16,
                "ipv6_gateway": "",
                "mac_address": "02:42:ac:12:00:02",
                "network_name": "my-bgg-net"
              }
            ],
            "network_mode": "default",
            "networks_advanced": [
              {
                "aliases": [],
                "ipv4_address": "",
                "ipv6_address": "",
                "name": "fe43ee408c6428e75eaf6644be106d55ba1f683db5c75d6987f2f50cfac158bd"
              }
            ],
            "pid_mode": "",
            "ports": [
              {
                "external": 3306,
                "internal": 3306,
                "ip": "0.0.0.0",
                "protocol": "tcp"
              }
            ],
            "privileged": false,
            "publish_all_ports": false,
            "read_only": false,
            "remove_volumes": true,
            "restart": "no",
            "rm": false,
            "runtime": "runc",
            "security_opts": [],
            "shm_size": 64,
            "start": true,
            "stdin_open": false,
            "stop_signal": "",
            "stop_timeout": 0,
            "storage_opts": null,
            "sysctls": null,
            "tmpfs": null,
            "tty": false,
            "ulimit": [],
            "upload": [],
            "user": "",
            "userns_mode": "",
            "volumes": [
              {
                "container_path": "/var/lib/mysql",
                "from_container": "",
                "host_path": "",
                "read_only": null,
                "volume_name": "my-data-vol"
              }
            ],
            "wait": false,
            "wait_timeout": 60,
            "working_dir": ""
          },
          "sensitive_attributes": [],
          "private": "eyJzY2hlbWFfdmVyc2lvbiI6IjIifQ==",
          "dependencies": [
            "docker_image.bgg-database",
            "docker_network.bgg-net",
            "docker_volume.data-vol"
          ]
        }
      ]
    },
    {
      "mode": "managed",
      "type": "docker_image",
      "name": "bgg-backend",
      "provider": "provider[\"registry.terraform.io/kreuzwerker/docker\"]",
      "instances": [
        {
          "schema_version": 0,
          "attributes": {
            "build": [],
            "force_remove": null,
            "id": "sha256:1dc75c72b413dadfaef29157330642b3ac00daafd83b51e2f2e6a8a202e13183chukmunnlee/bgg-backend:v3",
            "image_id": "sha256:1dc75c72b413dadfaef29157330642b3ac00daafd83b51e2f2e6a8a202e13183",
            "keep_locally": null,
            "name": "chukmunnlee/bgg-backend:v3",
            "platform": null,
            "pull_triggers": null,
            "repo_digest": "chukmunnlee/bgg-backend@sha256:772d16b8d529df43beebd82f73092157badf4dc9f0ba70f241fe8d63c7f77586",
            "triggers": null
          },
          "sensitive_attributes": [],
          "private": "bnVsbA=="
        }
      ]
    },
    {
      "mode": "managed",
      "type": "docker_image",
      "name": "bgg-database",
      "provider": "provider[\"registry.terraform.io/kreuzwerker/docker\"]",
      "instances": [
        {
          "schema_version": 0,
          "attributes": {
            "build": [],
            "force_remove": null,
            "id": "sha256:2dc18f22acfcf47b190382cd04038628fd5da2ca086ade3721b50d2b88d6796achukmunnlee/bgg-database:v3.1",
            "image_id": "sha256:2dc18f22acfcf47b190382cd04038628fd5da2ca086ade3721b50d2b88d6796a",
            "keep_locally": null,
            "name": "chukmunnlee/bgg-database:v3.1",
            "platform": null,
            "pull_triggers": null,
            "repo_digest": "chukmunnlee/bgg-database@sha256:c1794bf915f54ccbea366aac3c5471e8ce544fd885f1618b598a2085240eb213",
            "triggers": null
          },
          "sensitive_attributes": [],
          "private": "bnVsbA=="
        }
      ]
    },
    {
      "mode": "managed",
      "type": "docker_network",
      "name": "bgg-net",
      "provider": "provider[\"registry.terraform.io/kreuzwerker/docker\"]",
      "instances": [
        {
          "schema_version": 1,
          "attributes": {
            "attachable": false,
            "check_duplicate": null,
            "driver": "bridge",
            "id": "fe43ee408c6428e75eaf6644be106d55ba1f683db5c75d6987f2f50cfac158bd",
            "ingress": false,
            "internal": false,
            "ipam_config": [
              {
                "aux_address": {},
                "gateway": "172.18.0.1",
                "ip_range": "",
                "subnet": "172.18.0.0/16"
              }
            ],
            "ipam_driver": "default",
            "ipam_options": null,
            "ipv6": false,
            "labels": [],
            "name": "my-bgg-net",
            "options": {},
            "scope": "local"
          },
          "sensitive_attributes": [],
          "private": "eyJzY2hlbWFfdmVyc2lvbiI6IjEifQ=="
        }
      ]
    },
    {
      "mode": "managed",
      "type": "docker_volume",
      "name": "data-vol",
      "provider": "provider[\"registry.terraform.io/kreuzwerker/docker\"]",
      "instances": [
        {
          "schema_version": 1,
          "attributes": {
            "driver": "local",
            "driver_opts": null,
            "id": "my-data-vol",
            "labels": [],
            "mountpoint": "/var/lib/docker/volumes/my-data-vol/_data",
            "name": "my-data-vol"
          },
          "sensitive_attributes": [],
          "private": "eyJzY2hlbWFfdmVyc2lvbiI6IjEifQ=="
        }
      ]
    },
    {
      "mode": "managed",
      "type": "local_file",
      "name": "nginx-conf",
      "provider": "provider[\"registry.terraform.io/hashicorp/local\"]",
      "instances": [
        {
          "schema_version": 0,
          "attributes": {
            "content": "user www-data;\nworker_processes auto;\npid /run/nginx.pid;\n\nevents {\n\tworker_connections 768;\n}\n\nhttp {\n\taccess_log /var/log/nginx/access.log;\n\terror_log /var/log/nginx/error.log;\n\n\tgzip on;\n\n\tupstream apps {\n\t\tleast_conn;\n\t\t# the following list the container endpoints\n\t\t# one server line for each endpoint\n\t\t# eg server \u003cdocker_host_ip\u003e:\u003cexposed_port\u003e;\n\t\tserver 157.245.204.96:32770;\n\t\tserver 157.245.204.96:32769;\n\t\tserver 157.245.204.96:32768;\n\t}\n\tserver {\n\t\tlisten 80;\n\t\tlocation / {\n\t\t\tproxy_pass http://apps;\n\t\t}\n\t}\n}\n",
            "content_base64": null,
            "content_base64sha256": "YNVfJTnQEwzuRGjbQFupadcwdscJXaqeJKNCeJycs3s=",
            "content_base64sha512": "OaTAgAAnpeN/znQCCBKuOkgngsFlFfrhhhtmDJOtd1BgdGPxy7xwRPXCPsXEkjQiG3+wO13BgjepqCgEl1OytQ==",
            "content_md5": "418d1ab381c95bc39b61e38a6f8ff62b",
            "content_sha1": "24f9d86b2752dd015a9b7dea0974b8fe6f9934d0",
            "content_sha256": "60d55f2539d0130cee4468db405ba969d73076c7095daa9e24a342789c9cb37b",
            "content_sha512": "39a4c0800027a5e37fce74020812ae3a482782c16515fae1861b660c93ad7750607463f1cbbc7044f5c23ec5c49234221b7fb03b5dc18237a9a828049753b2b5",
            "directory_permission": "0777",
            "file_permission": "0777",
            "filename": "nginx.conf",
            "id": "24f9d86b2752dd015a9b7dea0974b8fe6f9934d0",
            "sensitive_content": null,
            "source": null
          },
          "sensitive_attributes": [],
          "dependencies": [
            "docker_container.bgg-backend",
            "docker_container.bgg-database",
            "docker_image.bgg-backend",
            "docker_image.bgg-database",
            "docker_network.bgg-net",
            "docker_volume.data-vol"
          ]
        }
      ]
    },
    {
      "mode": "managed",
      "type": "local_file",
      "name": "root_at_nginx",
      "provider": "provider[\"registry.terraform.io/hashicorp/local\"]",
      "instances": []
    }
  ],
  "check_results": null
}
